
Microsoft Visual Studio Solution File, Format Version 12.00
# Visual Studio Version 16
VisualStudioVersion = 16.0.31624.102
MinimumVisualStudioVersion = 10.0.40219.1
Project("{FAE04EC0-301F-11D3-BF4B-00C04F79EFBC}") = "Photo Studio", "Photo Studio\Photo Studio.csproj", "{010D1FF6-EBAF-4FC2-B3EB-B315EF6EB34E}"
EndProject
Global
	GlobalSection(SolutionConfigurationPlatforms) = preSolution
		Debug|Any CPU = Debug|Any CPU
		Release|Any CPU = Release|Any CPU
	EndGlobalSection
	GlobalSection(ProjectConfigurationPlatforms) = postSolution
		{010D1FF6-EBAF-4FC2-B3EB-B315EF6EB34E}.Debug|Any CPU.ActiveCfg = Debug|Any CPU
		{010D1FF6-EBAF-4FC2-B3EB-B315EF6EB34E}.Debug|Any CPU.Build.0 = Debug|Any CPU
		{010D1FF6-EBAF-4FC2-B3EB-B315EF6EB34E}.Release|Any CPU.ActiveCfg = Release|Any CPU
		{010D1FF6-EBAF-4FC2-B3EB-B315EF6EB34E}.Release|Any CPU.Build.0 = Release|Any CPU
	EndGlobalSection
	GlobalSection(SolutionProperties) = preSolution
		HideSolutionNode = FALSE
	EndGlobalSection
	GlobalSection(ExtensibilityGlobals) = postSolution
		SolutionGuid = {7C2D04BE-73C4-4B8C-A432-685F2B22256C}
	EndGlobalSection
EndGlobal
